
Microsoft Visual Studio Solution File, Format Version 12.00
# Visual Studio 2012
Project("{FAE04EC0-301F-11D3-BF4B-00C04F79EFBC}") = "Basics", "Basics\Basics.csproj", "{B91011AF-1D60-4011-887A-D75A1DDF4A6B}"
EndProject
Global
	GlobalSection(SolutionConfigurationPlatforms) = preSolution
		Debug|Any CPU = Debug|Any CPU
		Release|Any CPU = Release|Any CPU
	EndGlobalSection
	GlobalSection(ProjectConfigurationPlatforms) = postSolution
		{B91011AF-1D60-4011-887A-D75A1DDF4A6B}.Debug|Any CPU.ActiveCfg = Debug|Any CPU
		{B91011AF-1D60-4011-887A-D75A1DDF4A6B}.Debug|Any CPU.Build.0 = Debug|Any CPU
		{B91011AF-1D60-4011-887A-D75A1DDF4A6B}.Release|Any CPU.ActiveCfg = Release|Any CPU
		{B91011AF-1D60-4011-887A-D75A1DDF4A6B}.Release|Any CPU.Build.0 = Release|Any CPU
	EndGlobalSection
	GlobalSection(SolutionProperties) = preSolution
		HideSolutionNode = FALSE
	EndGlobalSection
EndGlobal
